// !$*UTF8*$!
{
	archiveVersion = 1;
	classes = {
	};
	objectVersion = 50;
	objects = {

/* Begin PBXBuildFile section */
		86014BF72616E3D500A462E3 /* Unit_ConverterApp.swift in Sources */ = {isa = PBXBuildFile; fileRef = 86014BF62616E3D500A462E3 /* Unit_ConverterApp.swift */; };
		86014BF92616E3D500A462E3 /* ContentView.swift in Sources */ = {isa = PBXBuildFile; fileRef = 86014BF82616E3D500A462E3 /* ContentView.swift */; };
		86014BFB2616E3D700A462E3 /* Assets.xcassets in Resources */ = {isa = PBXBuildFile; fileRef = 86014BFA2616E3D700A462E3 /* Assets.xcassets */; };
		86014BFE2616E3D700A462E3 /* Preview Assets.xcassets in Resources */ = {isa = PBXBuildFile; fileRef = 86014BFD2616E3D700A462E3 /* Preview Assets.xcassets */; };
		86014C092616E3D700A462E3 /* Unit_ConverterTests.swift in Sources */ = {isa = PBXBuildFile; fileRef = 86014C082616E3D700A462E3 /* Unit_ConverterTests.swift */; };
		86014C142616E3D700A462E3 /* Unit_ConverterUITests.swift in Sources */ = {isa = PBXBuildFile; fileRef = 86014C132616E3D700A462E3 /* Unit_ConverterUITests.swift */; };
		86014C252616E73E00A462E3 /* TemperatureUnit.swift in Sources */ = {isa = PBXBuildFile; fileRef = 86014C242616E73E00A462E3 /* TemperatureUnit.swift */; };
		86014C2D2616EF4D00A462E3 /* TemperatureUnitPickerView.swift in Sources */ = {isa = PBXBuildFile; fileRef = 86014C2C2616EF4D00A462E3 /* TemperatureUnitPickerView.swift */; };
/* End PBXBuildFile section */

/* Begin PBXContainerItemProxy section */
		86014C052616E3D700A462E3 /* PBXContainerItemProxy */ = {
			isa = PBXContainerItemProxy;
			containerPortal = 86014BEB2616E3D500A462E3 /* Project object */;
			proxyType = 1;
			remoteGlobalIDString = 86014BF22616E3D500A462E3;
			remoteInfo = "Unit Converter";
		};
		86014C102616E3D700A462E3 /* PBXContainerItemProxy */ = {
			isa = PBXContainerItemProxy;
			containerPortal = 86014BEB2616E3D500A462E3 /* Project object */;
			proxyType = 1;
			remoteGlobalIDString = 86014BF22616E3D500A462E3;
			remoteInfo = "Unit Converter";
		};
/* End PBXContainerItemProxy section */

/* Begin PBXFileReference section */
		86014BF32616E3D500A462E3 /* Unit Converter.app */ = {isa = PBXFileReference; explicitFileType = wrapper.application; includeInIndex = 0; path = "Unit Converter.app"; sourceTree = BUILT_PRODUCTS_DIR; };
		86014BF62616E3D500A462E3 /* Unit_ConverterApp.swift */ = {isa = PBXFileReference; lastKnownFileType = sourcecode.swift; path = Unit_ConverterApp.swift; sourceTree = "<group>"; };
		86014BF82616E3D500A462E3 /* ContentView.swift */ = {isa = PBXFileReference; lastKnownFileType = sourcecode.swift; path = ContentView.swift; sourceTree = "<group>"; };
		86014BFA2616E3D700A462E3 /* Assets.xcassets */ = {isa = PBXFileReference; lastKnownFileType = folder.assetcatalog; path = Assets.xcassets; sourceTree = "<group>"; };
		86014BFD2616E3D700A462E3 /* Preview Assets.xcassets */ = {isa = PBXFileReference; lastKnownFileType = folder.assetcatalog; path = "Preview Assets.xcassets"; sourceTree = "<group>"; };
		86014BFF2616E3D700A462E3 /* Info.plist */ = {isa = PBXFileReference; lastKnownFileType = text.plist.xml; path = Info.plist; sourceTree = "<group>"; };
		86014C042616E3D700A462E3 /* Unit ConverterTests.xctest */ = {isa = PBXFileReference; explicitFileType = wrapper.cfbundle; includeInIndex = 0; path = "Unit ConverterTests.xctest"; sourceTree = BUILT_PRODUCTS_DIR; };
		86014C082616E3D700A462E3 /* Unit_ConverterTests.swift */ = {isa = PBXFileReference; lastKnownFileType = sourcecode.swift; path = Unit_ConverterTests.swift; sourceTree = "<group>"; };
		86014C0A2616E3D700A462E3 /* Info.plist */ = {isa = PBXFileReference; lastKnownFileType = text.plist.xml; path = Info.plist; sourceTree = "<group>"; };
		86014C0F2616E3D700A462E3 /* Unit ConverterUITests.xctest */ = {isa = PBXFileReference; explicitFileType = wrapper.cfbundle; includeInIndex = 0; path = "Unit ConverterUITests.xctest"; sourceTree = BUILT_PRODUCTS_DIR; };
		86014C132616E3D700A462E3 /* Unit_ConverterUITests.swift */ = {isa = PBXFileReference; lastKnownFileType = sourcecode.swift; path = Unit_ConverterUITests.swift; sourceTree = "<group>"; };
		86014C152616E3D700A462E3 /* Info.plist */ = {isa = PBXFileReference; lastKnownFileType = text.plist.xml; path = Info.plist; sourceTree = "<group>"; };
		86014C242616E73E00A462E3 /* TemperatureUnit.swift */ = {isa = PBXFileReference; lastKnownFileType = sourcecode.swift; path = TemperatureUnit.swift; sourceTree = "<group>"; };
		86014C2C2616EF4D00A462E3 /* TemperatureUnitPickerView.swift */ = {isa = PBXFileReference; lastKnownFileType = sourcecode.swift; path = TemperatureUnitPickerView.swift; sourceTree = "<group>"; };
/* End PBXFileReference section */

/* Begin PBXFrameworksBuildPhase section */
		86014BF02616E3D500A462E3 /* Frameworks */ = {
			isa = PBXFrameworksBuildPhase;
			buildActionMask = 2147483647;
			files = (
			);
			runOnlyForDeploymentPostprocessing = 0;
		};
		86014C012616E3D700A462E3 /* Frameworks */ = {
			isa = PBXFrameworksBuildPhase;
			buildActionMask = 2147483647;
			files = (
			);
			runOnlyForDeploymentPostprocessing = 0;
		};
		86014C0C2616E3D700A462E3 /* Frameworks */ = {
			isa = PBXFrameworksBuildPhase;
			buildActionMask = 2147483647;
			files = (
			);
			runOnlyForDeploymentPostprocessing = 0;
		};
/* End PBXFrameworksBuildPhase section */

/* Begin PBXGroup section */
		86014BEA2616E3D500A462E3 = {
			isa = PBXGroup;
			children = (
				86014BF52616E3D500A462E3 /* Unit Converter */,
				86014C072616E3D700A462E3 /* Unit ConverterTests */,
				86014C122616E3D700A462E3 /* Unit ConverterUITests */,
				86014BF42616E3D500A462E3 /* Products */,
			);
			sourceTree = "<group>";
		};
		86014BF42616E3D500A462E3 /* Products */ = {
			isa = PBXGroup;
			children = (
				86014BF32616E3D500A462E3 /* Unit Converter.app */,
				86014C042616E3D700A462E3 /* Unit ConverterTests.xctest */,
				86014C0F2616E3D700A462E3 /* Unit ConverterUITests.xctest */,
			);
			name = Products;
			sourceTree = "<group>";
		};
		86014BF52616E3D500A462E3 /* Unit Converter */ = {
			isa = PBXGroup;
			children = (
				86014BF62616E3D500A462E3 /* Unit_ConverterApp.swift */,
				86014BF82616E3D500A462E3 /* ContentView.swift */,
				86014BFA2616E3D700A462E3 /* Assets.xcassets */,
				86014BFF2616E3D700A462E3 /* Info.plist */,
				86014BFC2616E3D700A462E3 /* Preview Content */,
				86014C242616E73E00A462E3 /* TemperatureUnit.swift */,
				86014C2C2616EF4D00A462E3 /* TemperatureUnitPickerView.swift */,
			);
			path = "Unit Converter";
			sourceTree = "<group>";
		};
		86014BFC2616E3D700A462E3 /* Preview Content */ = {
			isa = PBXGroup;
			children = (
				86014BFD2616E3D700A462E3 /* Preview Assets.xcassets */,
			);
			path = "Preview Content";
			sourceTree = "<group>";
		};
		86014C072616E3D700A462E3 /* Unit ConverterTests */ = {
			isa = PBXGroup;
			children = (
				86014C082616E3D700A462E3 /* Unit_ConverterTests.swift */,
				86014C0A2616E3D700A462E3 /* Info.plist */,
			);
			path = "Unit ConverterTests";
			sourceTree = "<group>";
		};
		86014C122616E3D700A462E3 /* Unit ConverterUITests */ = {
			isa = PBXGroup;
			children = (
				86014C132616E3D700A462E3 /* Unit_ConverterUITests.swift */,
				86014C152616E3D700A462E3 /* Info.plist */,
			);
			path = "Unit ConverterUITests";
			sourceTree = "<group>";
		};
/* End PBXGroup section */

/* Begin PBXNativeTarget section */
		86014BF22616E3D500A462E3 /* Unit Converter */ = {
			isa = PBXNativeTarget;
			buildConfigurationList = 86014C182616E3D700A462E3 /* Build configuration list for PBXNativeTarget "Unit Converter" */;
			buildPhases = (
				86014BEF2616E3D500A462E3 /* Sources */,
				86014BF02616E3D500A462E3 /* Frameworks */,
				86014BF12616E3D500A462E3 /* Resources */,
			);
			buildRules = (
			);
			dependencies = (
			);
			name = "Unit Converter";
			productName = "Unit Converter";
			productReference = 86014BF32616E3D500A462E3 /* Unit Converter.app */;
			productType = "com.apple.product-type.application";
		};
		86014C032616E3D700A462E3 /* Unit ConverterTests */ = {
			isa = PBXNativeTarget;
			buildConfigurationList = 86014C1B2616E3D700A462E3 /* Build configuration list for PBXNativeTarget "Unit ConverterTests" */;
			buildPhases = (
				86014C002616E3D700A462E3 /* Sources */,
				86014C012616E3D700A462E3 /* Frameworks */,
				86014C022616E3D700A462E3 /* Resources */,
			);
			buildRules = (
			);
			dependencies = (
				86014C062616E3D700A462E3 /* PBXTargetDependency */,
			);
			name = "Unit ConverterTests";
			productName = "Unit ConverterTests";
			productReference = 86014C042616E3D700A462E3 /* Unit ConverterTests.xctest */;
			productType = "com.apple.product-type.bundle.unit-test";
		};
		86014C0E2616E3D700A462E3 /* Unit ConverterUITests */ = {
			isa = PBXNativeTarget;
			buildConfigurationList = 86014C1E2616E3D700A462E3 /* Build configuration list for PBXNativeTarget "Unit ConverterUITests" */;
			buildPhases = (
				86014C0B2616E3D700A462E3 /* Sources */,
				86014C0C2616E3D700A462E3 /* Frameworks */,
				86014C0D2616E3D700A462E3 /* Resources */,
			);
			buildRules = (
			);
			dependencies = (
				86014C112616E3D700A462E3 /* PBXTargetDependency */,
			);
			name = "Unit ConverterUITests";
			productName = "Unit ConverterUITests";
			productReference = 86014C0F2616E3D700A462E3 /* Unit ConverterUITests.xctest */;
			productType = "com.apple.product-type.bundle.ui-testing";
		};
/* End PBXNativeTarget section */

/* Begin PBXProject section */
		86014BEB2616E3D500A462E3 /* Project object */ = {
			isa = PBXProject;
			attributes = {
				LastSwiftUpdateCheck = 1240;
				LastUpgradeCheck = 1240;
				TargetAttributes = {
					86014BF22616E3D500A462E3 = {
						CreatedOnToolsVersion = 12.4;
					};
					86014C032616E3D700A462E3 = {
						CreatedOnToolsVersion = 12.4;
						TestTargetID = 86014BF22616E3D500A462E3;
					};
					86014C0E2616E3D700A462E3 = {
						CreatedOnToolsVersion = 12.4;
						TestTargetID = 86014BF22616E3D500A462E3;
					};
				};
			};
			buildConfigurationList = 86014BEE2616E3D500A462E3 /* Build configuration list for PBXProject "Unit Converter" */;
			compatibilityVersion = "Xcode 9.3";
			developmentRegion = en;
			hasScannedForEncodings = 0;
			knownRegions = (
				en,
				Base,
			);
			mainGroup = 86014BEA2616E3D500A462E3;
			productRefGroup = 86014BF42616E3D500A462E3 /* Products */;
			projectDirPath = "";
			projectRoot = "";
			targets = (
				86014BF22616E3D500A462E3 /* Unit Converter */,
				86014C032616E3D700A462E3 /* Unit ConverterTests */,
				86014C0E2616E3D700A462E3 /* Unit ConverterUITests */,
			);
		};
/* End PBXProject section */

/* Begin PBXResourcesBuildPhase section */
		86014BF12616E3D500A462E3 /* Resources */ = {
			isa = PBXResourcesBuildPhase;
			buildActionMask = 2147483647;
			files = (
				86014BFE2616E3D700A462E3 /* Preview Assets.xcassets in Resources */,
				86014BFB2616E3D700A462E3 /* Assets.xcassets in Resources */,
			);
			runOnlyForDeploymentPostprocessing = 0;
		};
		86014C022616E3D700A462E3 /* Resources */ = {
			isa = PBXResourcesBuildPhase;
			buildActionMask = 2147483647;
			files = (
			);
			runOnlyForDeploymentPostprocessing = 0;
		};
		86014C0D2616E3D700A462E3 /* Resources */ = {
			isa = PBXResourcesBuildPhase;
			buildActionMask = 2147483647;
			files = (
			);
			runOnlyForDeploymentPostprocessing = 0;
		};
/* End PBXResourcesBuildPhase section */

/* Begin PBXSourcesBuildPhase section */
		86014BEF2616E3D500A462E3 /* Sources */ = {
			isa = PBXSourcesBuildPhase;
			buildActionMask = 2147483647;
			files = (
				86014C2D2616EF4D00A462E3 /* TemperatureUnitPickerView.swift in Sources */,
				86014C252616E73E00A462E3 /* TemperatureUnit.swift in Sources */,
				86014BF92616E3D500A462E3 /* ContentView.swift in Sources */,
				86014BF72616E3D500A462E3 /* Unit_ConverterApp.swift in Sources */,
			);
			runOnlyForDeploymentPostprocessing = 0;
		};
		86014C002616E3D700A462E3 /* Sources */ = {
			isa = PBXSourcesBuildPhase;
			buildActionMask = 2147483647;
			files = (
				86014C092616E3D700A462E3 /* Unit_ConverterTests.swift in Sources */,
			);
			runOnlyForDeploymentPostprocessing = 0;
		};
		86014C0B2616E3D700A462E3 /* Sources */ = {
			isa = PBXSourcesBuildPhase;
			buildActionMask = 2147483647;
			files = (
				86014C142616E3D700A462E3 /* Unit_ConverterUITests.swift in Sources */,
			);
			runOnlyForDeploymentPostprocessing = 0;
		};
/* End PBXSourcesBuildPhase section */

/* Begin PBXTargetDependency section */
		86014C062616E3D700A462E3 /* PBXTargetDependency */ = {
			isa = PBXTargetDependency;
			target = 86014BF22616E3D500A462E3 /* Unit Converter */;
			targetProxy = 86014C052616E3D700A462E3 /* PBXContainerItemProxy */;
		};
		86014C112616E3D700A462E3 /* PBXTargetDependency */ = {
			isa = PBXTargetDependency;
			target = 86014BF22616E3D500A462E3 /* Unit Converter */;
			targetProxy = 86014C102616E3D700A462E3 /* PBXContainerItemProxy */;
		};
/* End PBXTargetDependency section */

/* Begin XCBuildConfiguration section */
		86014C162616E3D700A462E3 /* Debug */ = {
			isa = XCBuildConfiguration;
			buildSettings = {
				ALWAYS_SEARCH_USER_PATHS = NO;
				CLANG_ANALYZER_NONNULL = YES;
				CLANG_ANALYZER_NUMBER_OBJECT_CONVERSION = YES_AGGRESSIVE;
				CLANG_CXX_LANGUAGE_STANDARD = "gnu++14";
				CLANG_CXX_LIBRARY = "libc++";
				CLANG_ENABLE_MODULES = YES;
				CLANG_ENABLE_OBJC_ARC = YES;
				CLANG_ENABLE_OBJC_WEAK = YES;
				CLANG_WARN_BLOCK_CAPTURE_AUTORELEASING = YES;
				CLANG_WARN_BOOL_CONVERSION = YES;
				CLANG_WARN_COMMA = YES;
				CLANG_WARN_CONSTANT_CONVERSION = YES;
				CLANG_WARN_DEPRECATED_OBJC_IMPLEMENTATIONS = YES;
				CLANG_WARN_DIRECT_OBJC_ISA_USAGE = YES_ERROR;
				CLANG_WARN_DOCUMENTATION_COMMENTS = YES;
				CLANG_WARN_EMPTY_BODY = YES;
				CLANG_WARN_ENUM_CONVERSION = YES;
				CLANG_WARN_INFINITE_RECURSION = YES;
				CLANG_WARN_INT_CONVERSION = YES;
				CLANG_WARN_NON_LITERAL_NULL_CONVERSION = YES;
				CLANG_WARN_OBJC_IMPLICIT_RETAIN_SELF = YES;
				CLANG_WARN_OBJC_LITERAL_CONVERSION = YES;
				CLANG_WARN_OBJC_ROOT_CLASS = YES_ERROR;
				CLANG_WARN_QUOTED_INCLUDE_IN_FRAMEWORK_HEADER = YES;
				CLANG_WARN_RANGE_LOOP_ANALYSIS = YES;
				CLANG_WARN_STRICT_PROTOTYPES = YES;
				CLANG_WARN_SUSPICIOUS_MOVE = YES;
				CLANG_WARN_UNGUARDED_AVAILABILITY = YES_AGGRESSIVE;
				CLANG_WARN_UNREACHABLE_CODE = YES;
				CLANG_WARN__DUPLICATE_METHOD_MATCH = YES;
				COPY_PHASE_STRIP = NO;
				DEBUG_INFORMATION_FORMAT = dwarf;
				ENABLE_STRICT_OBJC_MSGSEND = YES;
				ENABLE_TESTABILITY = YES;
				GCC_C_LANGUAGE_STANDARD = gnu11;
				GCC_DYNAMIC_NO_PIC = NO;
				GCC_NO_COMMON_BLOCKS = YES;
				GCC_OPTIMIZATION_LEVEL = 0;
				GCC_PREPROCESSOR_DEFINITIONS = (
					"DEBUG=1",
					"$(inherited)",
				);
				GCC_WARN_64_TO_32_BIT_CONVERSION = YES;
				GCC_WARN_ABOUT_RETURN_TYPE = YES_ERROR;
				GCC_WARN_UNDECLARED_SELECTOR = YES;
				GCC_WARN_UNINITIALIZED_AUTOS = YES_AGGRESSIVE;
				GCC_WARN_UNUSED_FUNCTION = YES;
				GCC_WARN_UNUSED_VARIABLE = YES;
				IPHONEOS_DEPLOYMENT_TARGET = 14.4;
				MTL_ENABLE_DEBUG_INFO = INCLUDE_SOURCE;
				MTL_FAST_MATH = YES;
				ONLY_ACTIVE_ARCH = YES;
				SDKROOT = iphoneos;
				SWIFT_ACTIVE_COMPILATION_CONDITIONS = DEBUG;
				SWIFT_OPTIMIZATION_LEVEL = "-Onone";
			};
			name = Debug;
		};
		86014C172616E3D700A462E3 /* Release */ = {
			isa = XCBuildConfiguration;
			buildSettings = {
				ALWAYS_SEARCH_USER_PATHS = NO;
				CLANG_ANALYZER_NONNULL = YES;
				CLANG_ANALYZER_NUMBER_OBJECT_CONVERSION = YES_AGGRESSIVE;
				CLANG_CXX_LANGUAGE_STANDARD = "gnu++14";
				CLANG_CXX_LIBRARY = "libc++";
				CLANG_ENABLE_MODULES = YES;
				CLANG_ENABLE_OBJC_ARC = YES;
				CLANG_ENABLE_OBJC_WEAK = YES;
				CLANG_WARN_BLOCK_CAPTURE_AUTORELEASING = YES;
				CLANG_WARN_BOOL_CONVERSION = YES;
				CLANG_WARN_COMMA = YES;
				CLANG_WARN_CONSTANT_CONVERSION = YES;
				CLANG_WARN_DEPRECATED_OBJC_IMPLEMENTATIONS = YES;
				CLANG_WARN_DIRECT_OBJC_ISA_USAGE = YES_ERROR;
				CLANG_WARN_DOCUMENTATION_COMMENTS = YES;
				CLANG_WARN_EMPTY_BODY = YES;
				CLANG_WARN_ENUM_CONVERSION = YES;
				CLANG_WARN_INFINITE_RECURSION = YES;
				CLANG_WARN_INT_CONVERSION = YES;
				CLANG_WARN_NON_LITERAL_NULL_CONVERSION = YES;
				CLANG_WARN_OBJC_IMPLICIT_RETAIN_SELF = YES;
				CLANG_WARN_OBJC_LITERAL_CONVERSION = YES;
				CLANG_WARN_OBJC_ROOT_CLASS = YES_ERROR;
				CLANG_WARN_QUOTED_INCLUDE_IN_FRAMEWORK_HEADER = YES;
				CLANG_WARN_RANGE_LOOP_ANALYSIS = YES;
				CLANG_WARN_STRICT_PROTOTYPES = YES;
				CLANG_WARN_SUSPICIOUS_MOVE = YES;
				CLANG_WARN_UNGUARDED_AVAILABILITY = YES_AGGRESSIVE;
				CLANG_WARN_UNREACHABLE_CODE = YES;
				CLANG_WARN__DUPLICATE_METHOD_MATCH = YES;
				COPY_PHASE_STRIP = NO;
				DEBUG_INFORMATION_FORMAT = "dwarf-with-dsym";
				ENABLE_NS_ASSERTIONS = NO;
				ENABLE_STRICT_OBJC_MSGSEND = YES;
				GCC_C_LANGUAGE_STANDARD = gnu11;
				GCC_NO_COMMON_BLOCKS = YES;
				GCC_WARN_64_TO_32_BIT_CONVERSION = YES;
				GCC_WARN_ABOUT_RETURN_TYPE = YES_ERROR;
				GCC_WARN_UNDECLARED_SELECTOR = YES;
				GCC_WARN_UNINITIALIZED_AUTOS = YES_AGGRESSIVE;
				GCC_WARN_UNUSED_FUNCTION = YES;
				GCC_WARN_UNUSED_VARIABLE = YES;
				IPHONEOS_DEPLOYMENT_TARGET = 14.4;
				MTL_ENABLE_DEBUG_INFO = NO;
				MTL_FAST_MATH = YES;
				SDKROOT = iphoneos;
				SWIFT_COMPILATION_MODE = wholemodule;
				SWIFT_OPTIMIZATION_LEVEL = "-O";
				VALIDATE_PRODUCT = YES;
			};
			name = Release;
		};
		86014C192616E3D700A462E3 /* Debug */ = {
			isa = XCBuildConfiguration;
			buildSettings = {
				ASSETCATALOG_COMPILER_APPICON_NAME = AppIcon;
				ASSETCATALOG_COMPILER_GLOBAL_ACCENT_COLOR_NAME = AccentColor;
				CODE_SIGN_STYLE = Automatic;
				DEVELOPMENT_ASSET_PATHS = "\"Unit Converter/Preview Content\"";
				ENABLE_PREVIEWS = YES;
				INFOPLIST_FILE = "Unit Converter/Info.plist";
				IPHONEOS_DEPLOYMENT_TARGET = 14.0;
				LD_RUNPATH_SEARCH_PATHS = (
					"$(inherited)",
					"@executable_path/Frameworks",
				);
				PRODUCT_BUNDLE_IDENTIFIER = "me.oluwasanmi.aderibigbe.Unit-Converter";
				PRODUCT_NAME = "$(TARGET_NAME)";
				SWIFT_VERSION = 5.0;
				TARGETED_DEVICE_FAMILY = "1,2";
			};
			name = Debug;
		};
		86014C1A2616E3D700A462E3 /* Release */ = {
			isa = XCBuildConfiguration;
			buildSettings = {
				ASSETCATALOG_COMPILER_APPICON_NAME = AppIcon;
				ASSETCATALOG_COMPILER_GLOBAL_ACCENT_COLOR_NAME = AccentColor;
				CODE_SIGN_STYLE = Automatic;
				DEVELOPMENT_ASSET_PATHS = "\"Unit Converter/Preview Content\"";
				ENABLE_PREVIEWS = YES;
				INFOPLIST_FILE = "Unit Converter/Info.plist";
				IPHONEOS_DEPLOYMENT_TARGET = 14.0;
				LD_RUNPATH_SEARCH_PATHS = (
					"$(inherited)",
					"@executable_path/Frameworks",
				);
				PRODUCT_BUNDLE_IDENTIFIER = "me.oluwasanmi.aderibigbe.Unit-Converter";
				PRODUCT_NAME = "$(TARGET_NAME)";
				SWIFT_VERSION = 5.0;
				TARGETED_DEVICE_FAMILY = "1,2";
			};
			name = Release;
		};
		86014C1C2616E3D700A462E3 /* Debug */ = {
			isa = XCBuildConfiguration;
			buildSettings = {
				ALWAYS_EMBED_SWIFT_STANDARD_LIBRARIES = YES;
				BUNDLE_LOADER = "$(TEST_HOST)";
				CODE_SIGN_STYLE = Automatic;
				INFOPLIST_FILE = "Unit ConverterTests/Info.plist";
				IPHONEOS_DEPLOYMENT_TARGET = 14.0;
				LD_RUNPATH_SEARCH_PATHS = (
					"$(inherited)",
					"@executable_path/Frameworks",
					"@loader_path/Frameworks",
				);
				PRODUCT_BUNDLE_IDENTIFIER = "me.oluwasanmi.aderibigbe.Unit-ConverterTests";
				PRODUCT_NAME = "$(TARGET_NAME)";
				SWIFT_VERSION = 5.0;
				TARGETED_DEVICE_FAMILY = "1,2";
				TEST_HOST = "$(BUILT_PRODUCTS_DIR)/Unit Converter.app/Unit Converter";
			};
			name = Debug;
		};
		86014C1D2616E3D700A462E3 /* Release */ = {
			isa = XCBuildConfiguration;
			buildSettings = {
				ALWAYS_EMBED_SWIFT_STANDARD_LIBRARIES = YES;
				BUNDLE_LOADER = "$(TEST_HOST)";
				CODE_SIGN_STYLE = Automatic;
				INFOPLIST_FILE = "Unit ConverterTests/Info.plist";
				IPHONEOS_DEPLOYMENT_TARGET = 14.0;
				LD_RUNPATH_SEARCH_PATHS = (
					"$(inherited)",
					"@executable_path/Frameworks",
					"@loader_path/Frameworks",
				);
				PRODUCT_BUNDLE_IDENTIFIER = "me.oluwasanmi.aderibigbe.Unit-ConverterTests";
				PRODUCT_NAME = "$(TARGET_NAME)";
				SWIFT_VERSION = 5.0;
				TARGETED_DEVICE_FAMILY = "1,2";
				TEST_HOST = "$(BUILT_PRODUCTS_DIR)/Unit Converter.app/Unit Converter";
			};
			name = Release;
		};
		86014C1F2616E3D700A462E3 /* Debug */ = {
			isa = XCBuildConfiguration;
			buildSettings = {
				ALWAYS_EMBED_SWIFT_STANDARD_LIBRARIES = YES;
				CODE_SIGN_STYLE = Automatic;
				INFOPLIST_FILE = "Unit ConverterUITests/Info.plist";
				LD_RUNPATH_SEARCH_PATHS = (
					"$(inherited)",
					"@executable_path/Frameworks",
					"@loader_path/Frameworks",
				);
				PRODUCT_BUNDLE_IDENTIFIER = "me.oluwasanmi.aderibigbe.Unit-ConverterUITests";
				PRODUCT_NAME = "$(TARGET_NAME)";
				SWIFT_VERSION = 5.0;
				TARGETED_DEVICE_FAMILY = "1,2";
				TEST_TARGET_NAME = "Unit Converter";
			};
			name = Debug;
		};
		86014C202616E3D700A462E3 /* Release */ = {
			isa = XCBuildConfiguration;
			buildSettings = {
				ALWAYS_EMBED_SWIFT_STANDARD_LIBRARIES = YES;
				CODE_SIGN_STYLE = Automatic;
				INFOPLIST_FILE = "Unit ConverterUITests/Info.plist";
				LD_RUNPATH_SEARCH_PATHS = (
					"$(inherited)",
					"@executable_path/Frameworks",
					"@loader_path/Frameworks",
				);
				PRODUCT_BUNDLE_IDENTIFIER = "me.oluwasanmi.aderibigbe.Unit-ConverterUITests";
				PRODUCT_NAME = "$(TARGET_NAME)";
				SWIFT_VERSION = 5.0;
				TARGETED_DEVICE_FAMILY = "1,2";
				TEST_TARGET_NAME = "Unit Converter";
			};
			name = Release;
		};
/* End XCBuildConfiguration section */

/* Begin XCConfigurationList section */
		86014BEE2616E3D500A462E3 /* Build configuration list for PBXProject "Unit Converter" */ = {
			isa = XCConfigurationList;
			buildConfigurations = (
				86014C162616E3D700A462E3 /* Debug */,
				86014C172616E3D700A462E3 /* Release */,
			);
			defaultConfigurationIsVisible = 0;
			defaultConfigurationName = Release;
		};
		86014C182616E3D700A462E3 /* Build configuration list for PBXNativeTarget "Unit Converter" */ = {
			isa = XCConfigurationList;
			buildConfigurations = (
				86014C192616E3D700A462E3 /* Debug */,
				86014C1A2616E3D700A462E3 /* Release */,
			);
			defaultConfigurationIsVisible = 0;
			defaultConfigurationName = Release;
		};
		86014C1B2616E3D700A462E3 /* Build configuration list for PBXNativeTarget "Unit ConverterTests" */ = {
			isa = XCConfigurationList;
			buildConfigurations = (
				86014C1C2616E3D700A462E3 /* Debug */,
				86014C1D2616E3D700A462E3 /* Release */,
			);
			defaultConfigurationIsVisible = 0;
			defaultConfigurationName = Release;
		};
		86014C1E2616E3D700A462E3 /* Build configuration list for PBXNativeTarget "Unit ConverterUITests" */ = {
			isa = XCConfigurationList;
			buildConfigurations = (
				86014C1F2616E3D700A462E3 /* Debug */,
				86014C202616E3D700A462E3 /* Release */,
			);
			defaultConfigurationIsVisible = 0;
			defaultConfigurationName = Release;
		};
/* End XCConfigurationList section */
	};
	rootObject = 86014BEB2616E3D500A462E3 /* Project object */;
}
